// !$*UTF8*$!
{
	archiveVersion = 1;
	classes = {
	};
	objectVersion = 63;
	objects = {

/* Begin PBXBuildFile section */
		3C6D8F2A1B4E7C9D0F1A2B3C /* HostView.swift in Sources */ = {isa = PBXBuildFile; fileRef = 7A0B2E4C1F8A4F3D9E6B2C1A /* HostView.swift */; };
		C2D3E4F5061728394A5B6C7D /* PreviewData.swift in Sources */ = {isa = PBXBuildFile; fileRef = B2C3D4E5F60718293A4B5C6D /* PreviewData.swift */; };
		C1D2E3F405162738495A6B7C /* AlbumArtworkView.swift in Sources */ = {isa = PBXBuildFile; fileRef = B1A2C3D4E5F60718293A4B6C /* AlbumArtworkView.swift */; };
		4D2C1B0A9F8E7D6C5B4A3928 /* GuestFeature.swift in Sources */ = {isa = PBXBuildFile; fileRef = 8C4A7F1B2D3E4F5061728394 /* GuestFeature.swift */; };
		52D09770ADE9BD3F462D6740 /* Shared in Frameworks */ = {isa = PBXBuildFile; productRef = A5444B95CCD439271AAF0C92 /* Shared */; };
		5B085BEF0AAA070285C57524 /* DemocracyDJApp.swift in Sources */ = {isa = PBXBuildFile; fileRef = 270D35D66AF0735BE4349F23 /* DemocracyDJApp.swift */; };
		5E6F7081920A1B2C3D4E5F60 /* GuestView.swift in Sources */ = {isa = PBXBuildFile; fileRef = 0A1B2C3D4E5F60718293A4B6 /* GuestView.swift */; };
		6A7B8C9D0E1F2A3B4C5D6E7F /* AppFeature.swift in Sources */ = {isa = PBXBuildFile; fileRef = 1A2B3C4D5E6F7081920A1B2C /* AppFeature.swift */; };
		6AA2C7F62E2E3AF4AFB831A1 /* HostFeature.swift in Sources */ = {isa = PBXBuildFile; fileRef = 1E3D87C2C3A9D6F1D4CE9C5A /* HostFeature.swift */; };
		7A8B9C0D1E2F3A4B5C6D7E8F /* MusicKitClient.swift in Sources */ = {isa = PBXBuildFile; fileRef = 6B7C8D9E0F1A2B3C4D5E6F70 /* MusicKitClient.swift */; };
		7BFA88A1A31D80452F444246 /* ComposableArchitecture in Frameworks */ = {isa = PBXBuildFile; productRef = E129185B905CD5A894646F07 /* ComposableArchitecture */; };
		7C8D9E0F1A2B3C4D5E6F7081 /* ModeSelectionView.swift in Sources */ = {isa = PBXBuildFile; fileRef = 3C4D5E6F7081920A1B2C3D4E /* ModeSelectionView.swift */; };
		8A9B0C1D2E3F405162738495 /* AppView.swift in Sources */ = {isa = PBXBuildFile; fileRef = 4D5E6F7081920A1B2C3D4E5F /* AppView.swift */; };
		9ECD6A1784B80F6D08302F70 /* DemocracyDJTests.swift in Sources */ = {isa = PBXBuildFile; fileRef = A993AEE5104897B0F2112254 /* DemocracyDJTests.swift */; };
		9F8E7D6C5B4A392817161514 /* AppFeatureTests.swift in Sources */ = {isa = PBXBuildFile; fileRef = 2B3C4D5E6F7081920A1B2C3D /* AppFeatureTests.swift */; };
		A1B2C3D4E5F60718293A4B5C /* GuestFeatureTests.swift in Sources */ = {isa = PBXBuildFile; fileRef = 9E0F1A2B3C4D5E6F7081920A /* GuestFeatureTests.swift */; };
		B3C4D5E6F7081920A1B2C3D4 /* GuestSearchSheet.swift in Sources */ = {isa = PBXBuildFile; fileRef = C3D4E5F60718293A4B5C6D7E /* GuestSearchSheet.swift */; };
		B4E1B47C2D0D8F5C6B6C3F9A /* HostFeatureTests.swift in Sources */ = {isa = PBXBuildFile; fileRef = 2D91A4F2B0B2C5F88E0A7D6C /* HostFeatureTests.swift */; };
		BF16B469E96A34ADD73E97BE /* MultipeerClient+Live.swift in Sources */ = {isa = PBXBuildFile; fileRef = F5A2CA4BCE543BE2CEEF4F8E /* MultipeerClient+Live.swift */; };
		C6B272022FC0BF76ECE4BE7D /* MultipeerClient.swift in Sources */ = {isa = PBXBuildFile; fileRef = 82FB9751896C9CA1E6D38FFC /* MultipeerClient.swift */; };
		D6A1B2C3D4E5F60718293A4B /* Assets.xcassets in Resources */ = {isa = PBXBuildFile; fileRef = A879A8182F083733006E069A /* Assets.xcassets */; };
/* End PBXBuildFile section */

/* Begin PBXContainerItemProxy section */
		07BC8D4B02AA0CD17C20C506 /* PBXContainerItemProxy */ = {
			isa = PBXContainerItemProxy;
			containerPortal = 2D8F1C95BD10C7B01CC565DA /* Project object */;
			proxyType = 1;
			remoteGlobalIDString = 11803CCDED5EAD430AF862F1;
			remoteInfo = DemocracyDJ;
		};
/* End PBXContainerItemProxy section */

/* Begin PBXFileReference section */
		0A1B2C3D4E5F60718293A4B6 /* GuestView.swift */ = {isa = PBXFileReference; lastKnownFileType = sourcecode.swift; path = GuestView.swift; sourceTree = "<group>"; };
		C3D4E5F60718293A4B5C6D7E /* GuestSearchSheet.swift */ = {isa = PBXFileReference; lastKnownFileType = sourcecode.swift; path = GuestSearchSheet.swift; sourceTree = "<group>"; };
		1A2B3C4D5E6F7081920A1B2C /* AppFeature.swift */ = {isa = PBXFileReference; lastKnownFileType = sourcecode.swift; path = AppFeature.swift; sourceTree = "<group>"; };
		1E3D87C2C3A9D6F1D4CE9C5A /* HostFeature.swift */ = {isa = PBXFileReference; lastKnownFileType = sourcecode.swift; path = HostFeature.swift; sourceTree = "<group>"; };
		270D35D66AF0735BE4349F23 /* DemocracyDJApp.swift */ = {isa = PBXFileReference; lastKnownFileType = sourcecode.swift; path = DemocracyDJApp.swift; sourceTree = "<group>"; };
		2B3C4D5E6F7081920A1B2C3D /* AppFeatureTests.swift */ = {isa = PBXFileReference; lastKnownFileType = sourcecode.swift; path = AppFeatureTests.swift; sourceTree = "<group>"; };
		2D91A4F2B0B2C5F88E0A7D6C /* HostFeatureTests.swift */ = {isa = PBXFileReference; lastKnownFileType = sourcecode.swift; path = HostFeatureTests.swift; sourceTree = "<group>"; };
		3C4D5E6F7081920A1B2C3D4E /* ModeSelectionView.swift */ = {isa = PBXFileReference; lastKnownFileType = sourcecode.swift; path = ModeSelectionView.swift; sourceTree = "<group>"; };
		3F18D2C0F9A1B2C3D4E5F678 /* DemocracyDJTests.xctestplan */ = {isa = PBXFileReference; lastKnownFileType = text; path = DemocracyDJTests.xctestplan; sourceTree = "<group>"; };
		415F26E9ED70B4E94A51E291 /* DemocracyDJTests.xctest */ = {isa = PBXFileReference; explicitFileType = wrapper.cfbundle; includeInIndex = 0; path = DemocracyDJTests.xctest; sourceTree = BUILT_PRODUCTS_DIR; };
		4D5E6F7081920A1B2C3D4E5F /* AppView.swift */ = {isa = PBXFileReference; lastKnownFileType = sourcecode.swift; path = AppView.swift; sourceTree = "<group>"; };
		B2C3D4E5F60718293A4B5C6D /* PreviewData.swift */ = {isa = PBXFileReference; lastKnownFileType = sourcecode.swift; path = PreviewData.swift; sourceTree = "<group>"; };
		B1A2C3D4E5F60718293A4B6C /* AlbumArtworkView.swift */ = {isa = PBXFileReference; lastKnownFileType = sourcecode.swift; path = AlbumArtworkView.swift; sourceTree = "<group>"; };
		632BF223B09E2B9022D00F4D /* shared */ = {isa = PBXFileReference; lastKnownFileType = folder; name = shared; path = ../shared; sourceTree = SOURCE_ROOT; };
		665D74033AE5AC105B0C44DB /* Info.plist */ = {isa = PBXFileReference; lastKnownFileType = text.plist; path = Info.plist; sourceTree = "<group>"; };
		6B7C8D9E0F1A2B3C4D5E6F70 /* MusicKitClient.swift */ = {isa = PBXFileReference; lastKnownFileType = sourcecode.swift; path = MusicKitClient.swift; sourceTree = "<group>"; };
		7A0B2E4C1F8A4F3D9E6B2C1A /* HostView.swift */ = {isa = PBXFileReference; lastKnownFileType = sourcecode.swift; path = HostView.swift; sourceTree = "<group>"; };
		7DCF23A7E45285B2398C02A6 /* DemocracyDJ.app */ = {isa = PBXFileReference; explicitFileType = wrapper.application; includeInIndex = 0; path = DemocracyDJ.app; sourceTree = BUILT_PRODUCTS_DIR; };
		82FB9751896C9CA1E6D38FFC /* MultipeerClient.swift */ = {isa = PBXFileReference; lastKnownFileType = sourcecode.swift; path = MultipeerClient.swift; sourceTree = "<group>"; };
		8C4A7F1B2D3E4F5061728394 /* GuestFeature.swift */ = {isa = PBXFileReference; lastKnownFileType = sourcecode.swift; path = GuestFeature.swift; sourceTree = "<group>"; };
		9E0F1A2B3C4D5E6F7081920A /* GuestFeatureTests.swift */ = {isa = PBXFileReference; lastKnownFileType = sourcecode.swift; path = GuestFeatureTests.swift; sourceTree = "<group>"; };
		A879A8182F083733006E069A /* Assets.xcassets */ = {isa = PBXFileReference; lastKnownFileType = folder.assetcatalog; path = Assets.xcassets; sourceTree = "<group>"; };
		A993AEE5104897B0F2112254 /* DemocracyDJTests.swift */ = {isa = PBXFileReference; lastKnownFileType = sourcecode.swift; path = DemocracyDJTests.swift; sourceTree = "<group>"; };
		F5A2CA4BCE543BE2CEEF4F8E /* MultipeerClient+Live.swift */ = {isa = PBXFileReference; lastKnownFileType = sourcecode.swift; path = "MultipeerClient+Live.swift"; sourceTree = "<group>"; };
/* End PBXFileReference section */

/* Begin PBXFrameworksBuildPhase section */
		0DD427CDFD1DD35624387B0E /* Frameworks */ = {
			isa = PBXFrameworksBuildPhase;
			buildActionMask = 2147483647;
			files = (
				7BFA88A1A31D80452F444246 /* ComposableArchitecture in Frameworks */,
				52D09770ADE9BD3F462D6740 /* Shared in Frameworks */,
			);
			runOnlyForDeploymentPostprocessing = 0;
		};
/* End PBXFrameworksBuildPhase section */

/* Begin PBXGroup section */
		35833346B846C29BF03DF674 /* DemocracyDJ */ = {
			isa = PBXGroup;
			children = (
				665D74033AE5AC105B0C44DB /* Info.plist */,
				A36C0A12B265779F339267EC /* App */,
				A7F1B2C3D4E5F60718293A4B /* Features */,
				D1E2F3A405162738495A6B7C /* Views */,
				9821EA7F469BAA8A8F9772A8 /* Dependencies */,
				A879A8182F083733006E069A /* Assets.xcassets */,
			);
			path = DemocracyDJ;
			sourceTree = "<group>";
		};
		3D2C1B0A9F8E7D6C5B4A3927 /* App */ = {
			isa = PBXGroup;
			children = (
				1A2B3C4D5E6F7081920A1B2C /* AppFeature.swift */,
				4D5E6F7081920A1B2C3D4E5F /* AppView.swift */,
				3C4D5E6F7081920A1B2C3D4E /* ModeSelectionView.swift */,
			);
			path = App;
			sourceTree = "<group>";
		};
		5F46DC02E77996D15018ED27 = {
			isa = PBXGroup;
			children = (
				35833346B846C29BF03DF674 /* DemocracyDJ */,
				763E5E192F12D91CD83EF7E7 /* DemocracyDJTests */,
				79B6A649C68806695A2EAD48 /* Packages */,
				3F18D2C0F9A1B2C3D4E5F678 /* DemocracyDJTests.xctestplan */,
				674F4BC7FE7B7E3A1D3F554C /* Products */,
			);
			sourceTree = "<group>";
		};
		674F4BC7FE7B7E3A1D3F554C /* Products */ = {
			isa = PBXGroup;
			children = (
				7DCF23A7E45285B2398C02A6 /* DemocracyDJ.app */,
				415F26E9ED70B4E94A51E291 /* DemocracyDJTests.xctest */,
			);
			name = Products;
			sourceTree = "<group>";
		};
		6F5E4D3C2B1A090807060504 /* Guest */ = {
			isa = PBXGroup;
			children = (
				8C4A7F1B2D3E4F5061728394 /* GuestFeature.swift */,
				0A1B2C3D4E5F60718293A4B6 /* GuestView.swift */,
				C3D4E5F60718293A4B5C6D7E /* GuestSearchSheet.swift */,
			);
			path = Guest;
			sourceTree = "<group>";
		};
		763E5E192F12D91CD83EF7E7 /* DemocracyDJTests */ = {
			isa = PBXGroup;
			children = (
				A993AEE5104897B0F2112254 /* DemocracyDJTests.swift */,
				2D91A4F2B0B2C5F88E0A7D6C /* HostFeatureTests.swift */,
				9E0F1A2B3C4D5E6F7081920A /* GuestFeatureTests.swift */,
				2B3C4D5E6F7081920A1B2C3D /* AppFeatureTests.swift */,
			);
			path = DemocracyDJTests;
			sourceTree = "<group>";
		};
		79B6A649C68806695A2EAD48 /* Packages */ = {
			isa = PBXGroup;
			children = (
				632BF223B09E2B9022D00F4D /* shared */,
			);
			name = Packages;
			sourceTree = "<group>";
		};
		7D4F2C87A8F0D2E1B5F9A1C3 /* Host */ = {
			isa = PBXGroup;
			children = (
				1E3D87C2C3A9D6F1D4CE9C5A /* HostFeature.swift */,
				7A0B2E4C1F8A4F3D9E6B2C1A /* HostView.swift */,
			);
			path = Host;
			sourceTree = "<group>";
		};
		D1E2F3A405162738495A6B7C /* Views */ = {
			isa = PBXGroup;
			children = (
				B1A2C3D4E5F60718293A4B6C /* AlbumArtworkView.swift */,
				B2C3D4E5F60718293A4B5C6D /* PreviewData.swift */,
			);
			path = Views;
			sourceTree = "<group>";
		};
		9821EA7F469BAA8A8F9772A8 /* Dependencies */ = {
			isa = PBXGroup;
			children = (
				6B7C8D9E0F1A2B3C4D5E6F70 /* MusicKitClient.swift */,
				82FB9751896C9CA1E6D38FFC /* MultipeerClient.swift */,
				F5A2CA4BCE543BE2CEEF4F8E /* MultipeerClient+Live.swift */,
			);
			path = Dependencies;
			sourceTree = "<group>";
		};
		A36C0A12B265779F339267EC /* App */ = {
			isa = PBXGroup;
			children = (
				270D35D66AF0735BE4349F23 /* DemocracyDJApp.swift */,
			);
			path = App;
			sourceTree = "<group>";
		};
		A7F1B2C3D4E5F60718293A4B /* Features */ = {
			isa = PBXGroup;
			children = (
				3D2C1B0A9F8E7D6C5B4A3927 /* App */,
				7D4F2C87A8F0D2E1B5F9A1C3 /* Host */,
				6F5E4D3C2B1A090807060504 /* Guest */,
			);
			path = Features;
			sourceTree = "<group>";
		};
/* End PBXGroup section */

/* Begin PBXNativeTarget section */
		11803CCDED5EAD430AF862F1 /* DemocracyDJ */ = {
			isa = PBXNativeTarget;
			buildConfigurationList = 0D13F11A6A6AD8A8645D4B50 /* Build configuration list for PBXNativeTarget "DemocracyDJ" */;
			buildPhases = (
				4176B7142F973ECCE60B127E /* Sources */,
				D6B7C8D9E0F1A2B3C4D5E6F7 /* Resources */,
				0DD427CDFD1DD35624387B0E /* Frameworks */,
			);
			buildRules = (
			);
			dependencies = (
			);
			name = DemocracyDJ;
			packageProductDependencies = (
				E129185B905CD5A894646F07 /* ComposableArchitecture */,
				A5444B95CCD439271AAF0C92 /* Shared */,
			);
			productName = DemocracyDJ;
			productReference = 7DCF23A7E45285B2398C02A6 /* DemocracyDJ.app */;
			productType = "com.apple.product-type.application";
		};
		520127662CD1694D077A7589 /* DemocracyDJTests */ = {
			isa = PBXNativeTarget;
			buildConfigurationList = 2C952F15F8BD1F4D0D0C96CC /* Build configuration list for PBXNativeTarget "DemocracyDJTests" */;
			buildPhases = (
				B410D56BE87B2B95BE929BF3 /* Sources */,
			);
			buildRules = (
			);
			dependencies = (
				E2B43E8273BCD82A17908B76 /* PBXTargetDependency */,
			);
			name = DemocracyDJTests;
			packageProductDependencies = (
			);
			productName = DemocracyDJTests;
			productReference = 415F26E9ED70B4E94A51E291 /* DemocracyDJTests.xctest */;
			productType = "com.apple.product-type.bundle.unit-test";
		};
/* End PBXNativeTarget section */

/* Begin PBXProject section */
		2D8F1C95BD10C7B01CC565DA /* Project object */ = {
			isa = PBXProject;
			attributes = {
				BuildIndependentTargetsInParallel = YES;
				LastUpgradeCheck = 1600;
				TargetAttributes = {
					11803CCDED5EAD430AF862F1 = {
						ProvisioningStyle = Automatic;
					};
				};
			};
			buildConfigurationList = 10F82AD90C81057EE8AEEE29 /* Build configuration list for PBXProject "DemocracyDJ" */;
			compatibilityVersion = "Xcode 14.0";
			developmentRegion = en;
			hasScannedForEncodings = 0;
			knownRegions = (
				Base,
				en,
			);
			mainGroup = 5F46DC02E77996D15018ED27;
			minimizedProjectReferenceProxies = 1;
			packageReferences = (
				519D3338DDD06D3574FC56C1 /* XCRemoteSwiftPackageReference "swift-composable-architecture" */,
				87BACAE3CA42FB44FAE202BD /* XCLocalSwiftPackageReference "../shared" */,
			);
			projectDirPath = "";
			projectRoot = "";
			targets = (
				11803CCDED5EAD430AF862F1 /* DemocracyDJ */,
				520127662CD1694D077A7589 /* DemocracyDJTests */,
			);
		};
/* End PBXProject section */

/* Begin PBXResourcesBuildPhase section */
		D6B7C8D9E0F1A2B3C4D5E6F7 /* Resources */ = {
			isa = PBXResourcesBuildPhase;
			buildActionMask = 2147483647;
			files = (
				D6A1B2C3D4E5F60718293A4B /* Assets.xcassets in Resources */,
			);
			runOnlyForDeploymentPostprocessing = 0;
		};
/* End PBXResourcesBuildPhase section */

/* Begin PBXSourcesBuildPhase section */
		4176B7142F973ECCE60B127E /* Sources */ = {
			isa = PBXSourcesBuildPhase;
			buildActionMask = 2147483647;
			files = (
				5B085BEF0AAA070285C57524 /* DemocracyDJApp.swift in Sources */,
				6A7B8C9D0E1F2A3B4C5D6E7F /* AppFeature.swift in Sources */,
				8A9B0C1D2E3F405162738495 /* AppView.swift in Sources */,
				7C8D9E0F1A2B3C4D5E6F7081 /* ModeSelectionView.swift in Sources */,
				6AA2C7F62E2E3AF4AFB831A1 /* HostFeature.swift in Sources */,
				3C6D8F2A1B4E7C9D0F1A2B3C /* HostView.swift in Sources */,
				C1D2E3F405162738495A6B7C /* AlbumArtworkView.swift in Sources */,
				C2D3E4F5061728394A5B6C7D /* PreviewData.swift in Sources */,
				4D2C1B0A9F8E7D6C5B4A3928 /* GuestFeature.swift in Sources */,
				5E6F7081920A1B2C3D4E5F60 /* GuestView.swift in Sources */,
				B3C4D5E6F7081920A1B2C3D4 /* GuestSearchSheet.swift in Sources */,
				7A8B9C0D1E2F3A4B5C6D7E8F /* MusicKitClient.swift in Sources */,
				BF16B469E96A34ADD73E97BE /* MultipeerClient+Live.swift in Sources */,
				C6B272022FC0BF76ECE4BE7D /* MultipeerClient.swift in Sources */,
			);
			runOnlyForDeploymentPostprocessing = 0;
		};
		B410D56BE87B2B95BE929BF3 /* Sources */ = {
			isa = PBXSourcesBuildPhase;
			buildActionMask = 2147483647;
			files = (
				9ECD6A1784B80F6D08302F70 /* DemocracyDJTests.swift in Sources */,
				9F8E7D6C5B4A392817161514 /* AppFeatureTests.swift in Sources */,
				B4E1B47C2D0D8F5C6B6C3F9A /* HostFeatureTests.swift in Sources */,
				A1B2C3D4E5F60718293A4B5C /* GuestFeatureTests.swift in Sources */,
			);
			runOnlyForDeploymentPostprocessing = 0;
		};
/* End PBXSourcesBuildPhase section */

/* Begin PBXTargetDependency section */
		E2B43E8273BCD82A17908B76 /* PBXTargetDependency */ = {
			isa = PBXTargetDependency;
			target = 11803CCDED5EAD430AF862F1 /* DemocracyDJ */;
			targetProxy = 07BC8D4B02AA0CD17C20C506 /* PBXContainerItemProxy */;
		};
/* End PBXTargetDependency section */

/* Begin XCBuildConfiguration section */
		03BAC2B0BA96333AC4660EC6 /* Release */ = {
			isa = XCBuildConfiguration;
			buildSettings = {
				ALWAYS_SEARCH_USER_PATHS = NO;
				CLANG_ANALYZER_NONNULL = YES;
				CLANG_ANALYZER_NUMBER_OBJECT_CONVERSION = YES_AGGRESSIVE;
				CLANG_CXX_LANGUAGE_STANDARD = "gnu++14";
				CLANG_CXX_LIBRARY = "libc++";
				CLANG_ENABLE_MODULES = YES;
				CLANG_ENABLE_OBJC_ARC = YES;
				CLANG_ENABLE_OBJC_WEAK = YES;
				CLANG_WARN_BLOCK_CAPTURE_AUTORELEASING = YES;
				CLANG_WARN_BOOL_CONVERSION = YES;
				CLANG_WARN_COMMA = YES;
				CLANG_WARN_CONSTANT_CONVERSION = YES;
				CLANG_WARN_DEPRECATED_OBJC_IMPLEMENTATIONS = YES;
				CLANG_WARN_DIRECT_OBJC_ISA_USAGE = YES_ERROR;
				CLANG_WARN_DOCUMENTATION_COMMENTS = YES;
				CLANG_WARN_EMPTY_BODY = YES;
				CLANG_WARN_ENUM_CONVERSION = YES;
				CLANG_WARN_INFINITE_RECURSION = YES;
				CLANG_WARN_INT_CONVERSION = YES;
				CLANG_WARN_NON_LITERAL_NULL_CONVERSION = YES;
				CLANG_WARN_OBJC_IMPLICIT_RETAIN_SELF = YES;
				CLANG_WARN_OBJC_LITERAL_CONVERSION = YES;
				CLANG_WARN_OBJC_ROOT_CLASS = YES_ERROR;
				CLANG_WARN_QUOTED_INCLUDE_IN_FRAMEWORK_HEADER = YES;
				CLANG_WARN_RANGE_LOOP_ANALYSIS = YES;
				CLANG_WARN_STRICT_PROTOTYPES = YES;
				CLANG_WARN_SUSPICIOUS_MOVE = YES;
				CLANG_WARN_UNGUARDED_AVAILABILITY = YES_AGGRESSIVE;
				CLANG_WARN_UNREACHABLE_CODE = YES;
				CLANG_WARN__DUPLICATE_METHOD_MATCH = YES;
				COPY_PHASE_STRIP = NO;
				DEBUG_INFORMATION_FORMAT = "dwarf-with-dsym";
				ENABLE_NS_ASSERTIONS = NO;
				ENABLE_STRICT_OBJC_MSGSEND = YES;
				ENABLE_USER_SCRIPT_SANDBOXING = YES;
				GCC_C_LANGUAGE_STANDARD = gnu11;
				GCC_NO_COMMON_BLOCKS = YES;
				GCC_WARN_64_TO_32_BIT_CONVERSION = YES;
				GCC_WARN_ABOUT_RETURN_TYPE = YES_ERROR;
				GCC_WARN_UNDECLARED_SELECTOR = YES;
				GCC_WARN_UNINITIALIZED_AUTOS = YES_AGGRESSIVE;
				GCC_WARN_UNUSED_FUNCTION = YES;
				GCC_WARN_UNUSED_VARIABLE = YES;
				IPHONEOS_DEPLOYMENT_TARGET = 17.0;
				MTL_ENABLE_DEBUG_INFO = NO;
				MTL_FAST_MATH = YES;
				PRODUCT_NAME = "$(TARGET_NAME)";
				SDKROOT = iphoneos;
				SWIFT_COMPILATION_MODE = wholemodule;
				SWIFT_OPTIMIZATION_LEVEL = "-O";
				SWIFT_STRICT_CONCURRENCY = complete;
				SWIFT_VERSION = 6.0;
			};
			name = Release;
		};
		2B43E7F34C25AE275E8CE46D /* Debug */ = {
			isa = XCBuildConfiguration;
			buildSettings = {
				BUNDLE_LOADER = "$(TEST_HOST)";
				DEVELOPMENT_TEAM = 3Q3NT65HWY;
				GENERATE_INFOPLIST_FILE = YES;
				LD_RUNPATH_SEARCH_PATHS = (
					"$(inherited)",
					"@executable_path/Frameworks",
					"@loader_path/Frameworks",
				);
				PRODUCT_BUNDLE_IDENTIFIER = com.jeffschmitz.DemocracyDJTests;
				SDKROOT = iphoneos;
				TARGETED_DEVICE_FAMILY = "1,2";
				TEST_HOST = "$(BUILT_PRODUCTS_DIR)/DemocracyDJ.app/DemocracyDJ";
			};
			name = Debug;
		};
		36A613DDCEC93C9095FC6B71 /* Debug */ = {
			isa = XCBuildConfiguration;
			buildSettings = {
				ALWAYS_SEARCH_USER_PATHS = NO;
				CLANG_ANALYZER_NONNULL = YES;
				CLANG_ANALYZER_NUMBER_OBJECT_CONVERSION = YES_AGGRESSIVE;
				CLANG_CXX_LANGUAGE_STANDARD = "gnu++14";
				CLANG_CXX_LIBRARY = "libc++";
				CLANG_ENABLE_MODULES = YES;
				CLANG_ENABLE_OBJC_ARC = YES;
				CLANG_ENABLE_OBJC_WEAK = YES;
				CLANG_WARN_BLOCK_CAPTURE_AUTORELEASING = YES;
				CLANG_WARN_BOOL_CONVERSION = YES;
				CLANG_WARN_COMMA = YES;
				CLANG_WARN_CONSTANT_CONVERSION = YES;
				CLANG_WARN_DEPRECATED_OBJC_IMPLEMENTATIONS = YES;
				CLANG_WARN_DIRECT_OBJC_ISA_USAGE = YES_ERROR;
				CLANG_WARN_DOCUMENTATION_COMMENTS = YES;
				CLANG_WARN_EMPTY_BODY = YES;
				CLANG_WARN_ENUM_CONVERSION = YES;
				CLANG_WARN_INFINITE_RECURSION = YES;
				CLANG_WARN_INT_CONVERSION = YES;
				CLANG_WARN_NON_LITERAL_NULL_CONVERSION = YES;
				CLANG_WARN_OBJC_IMPLICIT_RETAIN_SELF = YES;
				CLANG_WARN_OBJC_LITERAL_CONVERSION = YES;
				CLANG_WARN_OBJC_ROOT_CLASS = YES_ERROR;
				CLANG_WARN_QUOTED_INCLUDE_IN_FRAMEWORK_HEADER = YES;
				CLANG_WARN_RANGE_LOOP_ANALYSIS = YES;
				CLANG_WARN_STRICT_PROTOTYPES = YES;
				CLANG_WARN_SUSPICIOUS_MOVE = YES;
				CLANG_WARN_UNGUARDED_AVAILABILITY = YES_AGGRESSIVE;
				CLANG_WARN_UNREACHABLE_CODE = YES;
				CLANG_WARN__DUPLICATE_METHOD_MATCH = YES;
				COPY_PHASE_STRIP = NO;
				DEBUG_INFORMATION_FORMAT = dwarf;
				ENABLE_STRICT_OBJC_MSGSEND = YES;
				ENABLE_TESTABILITY = YES;
				ENABLE_USER_SCRIPT_SANDBOXING = YES;
				GCC_C_LANGUAGE_STANDARD = gnu11;
				GCC_DYNAMIC_NO_PIC = NO;
				GCC_NO_COMMON_BLOCKS = YES;
				GCC_OPTIMIZATION_LEVEL = 0;
				GCC_PREPROCESSOR_DEFINITIONS = (
					"$(inherited)",
					"DEBUG=1",
				);
				GCC_WARN_64_TO_32_BIT_CONVERSION = YES;
				GCC_WARN_ABOUT_RETURN_TYPE = YES_ERROR;
				GCC_WARN_UNDECLARED_SELECTOR = YES;
				GCC_WARN_UNINITIALIZED_AUTOS = YES_AGGRESSIVE;
				GCC_WARN_UNUSED_FUNCTION = YES;
				GCC_WARN_UNUSED_VARIABLE = YES;
				IPHONEOS_DEPLOYMENT_TARGET = 17.0;
				MTL_ENABLE_DEBUG_INFO = INCLUDE_SOURCE;
				MTL_FAST_MATH = YES;
				ONLY_ACTIVE_ARCH = YES;
				PRODUCT_NAME = "$(TARGET_NAME)";
				SDKROOT = iphoneos;
				SWIFT_ACTIVE_COMPILATION_CONDITIONS = DEBUG;
				SWIFT_OPTIMIZATION_LEVEL = "-Onone";
				SWIFT_STRICT_CONCURRENCY = complete;
				SWIFT_VERSION = 6.0;
			};
			name = Debug;
		};
		4BBEA7B07F2C82CFA46485D8 /* Debug */ = {
			isa = XCBuildConfiguration;
			buildSettings = {
				ASSETCATALOG_COMPILER_APPICON_NAME = AppIcon;
				CODE_SIGN_IDENTITY = "iPhone Developer";
				CODE_SIGN_STYLE = Automatic;
				CURRENT_PROJECT_VERSION = 1;
				DEVELOPMENT_TEAM = 3Q3NT65HWY;
				INFOPLIST_FILE = DemocracyDJ/Info.plist;
				LD_RUNPATH_SEARCH_PATHS = (
					"$(inherited)",
					"@executable_path/Frameworks",
				);
				MARKETING_VERSION = 1.0;
				PRODUCT_BUNDLE_IDENTIFIER = com.jeffschmitz.DemocracyDJ;
				SDKROOT = iphoneos;
				TARGETED_DEVICE_FAMILY = "1,2";
			};
			name = Debug;
		};
		AC080DF0F4932D0872CBB9BB /* Release */ = {
			isa = XCBuildConfiguration;
			buildSettings = {
				BUNDLE_LOADER = "$(TEST_HOST)";
				DEVELOPMENT_TEAM = 3Q3NT65HWY;
				GENERATE_INFOPLIST_FILE = YES;
				LD_RUNPATH_SEARCH_PATHS = (
					"$(inherited)",
					"@executable_path/Frameworks",
					"@loader_path/Frameworks",
				);
				PRODUCT_BUNDLE_IDENTIFIER = com.jeffschmitz.DemocracyDJTests;
				SDKROOT = iphoneos;
				TARGETED_DEVICE_FAMILY = "1,2";
				TEST_HOST = "$(BUILT_PRODUCTS_DIR)/DemocracyDJ.app/DemocracyDJ";
			};
			name = Release;
		};
		FD64066C2DD2DCDA4CA9906E /* Release */ = {
			isa = XCBuildConfiguration;
			buildSettings = {
				ASSETCATALOG_COMPILER_APPICON_NAME = AppIcon;
				CODE_SIGN_IDENTITY = "iPhone Developer";
				CODE_SIGN_STYLE = Automatic;
				CURRENT_PROJECT_VERSION = 1;
				DEVELOPMENT_TEAM = 3Q3NT65HWY;
				INFOPLIST_FILE = DemocracyDJ/Info.plist;
				LD_RUNPATH_SEARCH_PATHS = (
					"$(inherited)",
					"@executable_path/Frameworks",
				);
				MARKETING_VERSION = 1.0;
				PRODUCT_BUNDLE_IDENTIFIER = com.jeffschmitz.DemocracyDJ;
				SDKROOT = iphoneos;
				TARGETED_DEVICE_FAMILY = "1,2";
			};
			name = Release;
		};
/* End XCBuildConfiguration section */

/* Begin XCConfigurationList section */
		0D13F11A6A6AD8A8645D4B50 /* Build configuration list for PBXNativeTarget "DemocracyDJ" */ = {
			isa = XCConfigurationList;
			buildConfigurations = (
				4BBEA7B07F2C82CFA46485D8 /* Debug */,
				FD64066C2DD2DCDA4CA9906E /* Release */,
			);
			defaultConfigurationIsVisible = 0;
			defaultConfigurationName = Debug;
		};
		10F82AD90C81057EE8AEEE29 /* Build configuration list for PBXProject "DemocracyDJ" */ = {
			isa = XCConfigurationList;
			buildConfigurations = (
				36A613DDCEC93C9095FC6B71 /* Debug */,
				03BAC2B0BA96333AC4660EC6 /* Release */,
			);
			defaultConfigurationIsVisible = 0;
			defaultConfigurationName = Debug;
		};
		2C952F15F8BD1F4D0D0C96CC /* Build configuration list for PBXNativeTarget "DemocracyDJTests" */ = {
			isa = XCConfigurationList;
			buildConfigurations = (
				2B43E7F34C25AE275E8CE46D /* Debug */,
				AC080DF0F4932D0872CBB9BB /* Release */,
			);
			defaultConfigurationIsVisible = 0;
			defaultConfigurationName = Debug;
		};
/* End XCConfigurationList section */

/* Begin XCLocalSwiftPackageReference section */
		87BACAE3CA42FB44FAE202BD /* XCLocalSwiftPackageReference "../shared" */ = {
			isa = XCLocalSwiftPackageReference;
			relativePath = ../shared;
		};
/* End XCLocalSwiftPackageReference section */

/* Begin XCRemoteSwiftPackageReference section */
		519D3338DDD06D3574FC56C1 /* XCRemoteSwiftPackageReference "swift-composable-architecture" */ = {
			isa = XCRemoteSwiftPackageReference;
			repositoryURL = "https://github.com/pointfreeco/swift-composable-architecture";
			requirement = {
				kind = upToNextMajorVersion;
				minimumVersion = 1.17.0;
			};
		};
/* End XCRemoteSwiftPackageReference section */

/* Begin XCSwiftPackageProductDependency section */
		A5444B95CCD439271AAF0C92 /* Shared */ = {
			isa = XCSwiftPackageProductDependency;
			productName = Shared;
		};
		E129185B905CD5A894646F07 /* ComposableArchitecture */ = {
			isa = XCSwiftPackageProductDependency;
			package = 519D3338DDD06D3574FC56C1 /* XCRemoteSwiftPackageReference "swift-composable-architecture" */;
			productName = ComposableArchitecture;
		};
/* End XCSwiftPackageProductDependency section */
	};
	rootObject = 2D8F1C95BD10C7B01CC565DA /* Project object */;
}
